
Microsoft Visual Studio Solution File, Format Version 12.00
# Visual Studio 14
VisualStudioVersion = 14.0.25420.1
MinimumVisualStudioVersion = 10.0.40219.1
Project("{FAE04EC0-301F-11D3-BF4B-00C04F79EFBC}") = "AspNet.Identity.Samples.Common", "AspNet.Identity.Samples.Guid.pt_BR\AspNet.Identity.Samples.Common.csproj", "{69FCB48E-CCF3-460A-B217-D465335AC229}"
EndProject
Project("{FAE04EC0-301F-11D3-BF4B-00C04F79EFBC}") = "AspNet.Identity.Samples", "AspNet.Identity.Samples\AspNet.Identity.Samples.csproj", "{8516DF3E-98D9-434B-A874-9FA7C35B2147}"
EndProject
Project("{FAE04EC0-301F-11D3-BF4B-00C04F79EFBC}") = "AspNet.Identity.Common", "AspNet.Identity.Common\AspNet.Identity.Common.csproj", "{530CF796-300D-42CC-9D03-CE6B7B5F0DD1}"
EndProject
Global
	GlobalSection(SolutionConfigurationPlatforms) = preSolution
		Debug|Any CPU = Debug|Any CPU
		Release|Any CPU = Release|Any CPU
	EndGlobalSection
	GlobalSection(ProjectConfigurationPlatforms) = postSolution
		{69FCB48E-CCF3-460A-B217-D465335AC229}.Debug|Any CPU.ActiveCfg = Debug|Any CPU
		{69FCB48E-CCF3-460A-B217-D465335AC229}.Debug|Any CPU.Build.0 = Debug|Any CPU
		{69FCB48E-CCF3-460A-B217-D465335AC229}.Release|Any CPU.ActiveCfg = Release|Any CPU
		{69FCB48E-CCF3-460A-B217-D465335AC229}.Release|Any CPU.Build.0 = Release|Any CPU
		{8516DF3E-98D9-434B-A874-9FA7C35B2147}.Debug|Any CPU.ActiveCfg = Debug|Any CPU
		{8516DF3E-98D9-434B-A874-9FA7C35B2147}.Debug|Any CPU.Build.0 = Debug|Any CPU
		{8516DF3E-98D9-434B-A874-9FA7C35B2147}.Release|Any CPU.ActiveCfg = Release|Any CPU
		{8516DF3E-98D9-434B-A874-9FA7C35B2147}.Release|Any CPU.Build.0 = Release|Any CPU
		{530CF796-300D-42CC-9D03-CE6B7B5F0DD1}.Debug|Any CPU.ActiveCfg = Debug|Any CPU
		{530CF796-300D-42CC-9D03-CE6B7B5F0DD1}.Debug|Any CPU.Build.0 = Debug|Any CPU
		{530CF796-300D-42CC-9D03-CE6B7B5F0DD1}.Release|Any CPU.ActiveCfg = Release|Any CPU
		{530CF796-300D-42CC-9D03-CE6B7B5F0DD1}.Release|Any CPU.Build.0 = Release|Any CPU
	EndGlobalSection
	GlobalSection(SolutionProperties) = preSolution
		HideSolutionNode = FALSE
	EndGlobalSection
EndGlobal
