
Microsoft Visual Studio Solution File, Format Version 12.00
# Visual Studio 14
VisualStudioVersion = 14.0.25123.0
MinimumVisualStudioVersion = 10.0.40219.1
Project("{FAE04EC0-301F-11D3-BF4B-00C04F79EFBC}") = "Aspnet.Identity.Samples.Guid", "Aspnet.Identity.Samples.Guid\Aspnet.Identity.Samples.Guid.csproj", "{EF023318-410F-4457-ADAE-A39E5C7CF225}"
EndProject
Project("{FAE04EC0-301F-11D3-BF4B-00C04F79EFBC}") = "Aspnet.Identity.Samples.Guid.Nuget", "Aspnet.Identity.Samples.Nuget\Aspnet.Identity.Samples.Guid.Nuget.csproj", "{7F3EB548-CDB3-4F8B-8B2B-C6FBEC10679E}"
EndProject
Global
	GlobalSection(SolutionConfigurationPlatforms) = preSolution
		Debug|Any CPU = Debug|Any CPU
		Release|Any CPU = Release|Any CPU
	EndGlobalSection
	GlobalSection(ProjectConfigurationPlatforms) = postSolution
		{EF023318-410F-4457-ADAE-A39E5C7CF225}.Debug|Any CPU.ActiveCfg = Debug|Any CPU
		{EF023318-410F-4457-ADAE-A39E5C7CF225}.Debug|Any CPU.Build.0 = Debug|Any CPU
		{EF023318-410F-4457-ADAE-A39E5C7CF225}.Release|Any CPU.ActiveCfg = Release|Any CPU
		{EF023318-410F-4457-ADAE-A39E5C7CF225}.Release|Any CPU.Build.0 = Release|Any CPU
		{7F3EB548-CDB3-4F8B-8B2B-C6FBEC10679E}.Debug|Any CPU.ActiveCfg = Debug|Any CPU
		{7F3EB548-CDB3-4F8B-8B2B-C6FBEC10679E}.Debug|Any CPU.Build.0 = Debug|Any CPU
		{7F3EB548-CDB3-4F8B-8B2B-C6FBEC10679E}.Release|Any CPU.ActiveCfg = Release|Any CPU
		{7F3EB548-CDB3-4F8B-8B2B-C6FBEC10679E}.Release|Any CPU.Build.0 = Release|Any CPU
	EndGlobalSection
	GlobalSection(SolutionProperties) = preSolution
		HideSolutionNode = FALSE
	EndGlobalSection
EndGlobal
